Microsoft Visual Studio Solution File, Format Version 12.00
# Visual Studio Version 17
VisualStudioVersion = 17.5.2.0
MinimumVisualStudioVersion = 10.0.40219.1
Project("{FAE04EC0-301F-11D3-BF4B-00C04F79EFBC}") = "portfolio-backend", "backend\portfolio-backend.csproj", "{E7B1ACE2-F02A-AE51-EE39-15E596B0255B}"
EndProject
Global
	GlobalSection(SolutionConfigurationPlatforms) = preSolution
		Debug|Any CPU = Debug|Any CPU
		Release|Any CPU = Release|Any CPU
	EndGlobalSection
	GlobalSection(ProjectConfigurationPlatforms) = postSolution
		{E7B1ACE2-F02A-AE51-EE39-15E596B0255B}.Debug|Any CPU.ActiveCfg = Debug|Any CPU
		{E7B1ACE2-F02A-AE51-EE39-15E596B0255B}.Debug|Any CPU.Build.0 = Debug|Any CPU
		{E7B1ACE2-F02A-AE51-EE39-15E596B0255B}.Release|Any CPU.ActiveCfg = Release|Any CPU
		{E7B1ACE2-F02A-AE51-EE39-15E596B0255B}.Release|Any CPU.Build.0 = Release|Any CPU
	EndGlobalSection
	GlobalSection(SolutionProperties) = preSolution
		HideSolutionNode = FALSE
	EndGlobalSection
	GlobalSection(ExtensibilityGlobals) = postSolution
		SolutionGuid = {4A5A2AD6-5AF3-4851-8D03-E44641D9F973}
	EndGlobalSection
EndGlobal
